
Microsoft Visual Studio Solution File, Format Version 12.00
# Visual Studio Version 17
VisualStudioVersion = 17.2.32602.215
MinimumVisualStudioVersion = 10.0.40219.1
Project("{9A19103F-16F7-4668-BE54-9A1E7A4F7556}") = "JsMerge", "JsMerge\JsMerge.csproj", "{2F0FD26B-076B-4368-8A33-73376CC76456}"
EndProject
Project("{FAE04EC0-301F-11D3-BF4B-00C04F79EFBC}") = "JsMerge.Core", "JsMerge.Core\JsMerge.Core.csproj", "{8FD737AA-668D-4841-B635-41F58B9CEFB6}"
EndProject
Project("{FAE04EC0-301F-11D3-BF4B-00C04F79EFBC}") = "JsMerge.Console", "JsMerge.Console\JsMerge.Console.csproj", "{4167A775-9FFF-41F3-A4ED-8376DE807865}"
EndProject
Global
	GlobalSection(SolutionConfigurationPlatforms) = preSolution
		Debug|Any CPU = Debug|Any CPU
		Release|Any CPU = Release|Any CPU
	EndGlobalSection
	GlobalSection(ProjectConfigurationPlatforms) = postSolution
		{2F0FD26B-076B-4368-8A33-73376CC76456}.Debug|Any CPU.ActiveCfg = Debug|Any CPU
		{2F0FD26B-076B-4368-8A33-73376CC76456}.Debug|Any CPU.Build.0 = Debug|Any CPU
		{2F0FD26B-076B-4368-8A33-73376CC76456}.Release|Any CPU.ActiveCfg = Release|Any CPU
		{2F0FD26B-076B-4368-8A33-73376CC76456}.Release|Any CPU.Build.0 = Release|Any CPU
		{8FD737AA-668D-4841-B635-41F58B9CEFB6}.Debug|Any CPU.ActiveCfg = Debug|Any CPU
		{8FD737AA-668D-4841-B635-41F58B9CEFB6}.Debug|Any CPU.Build.0 = Debug|Any CPU
		{8FD737AA-668D-4841-B635-41F58B9CEFB6}.Release|Any CPU.ActiveCfg = Release|Any CPU
		{8FD737AA-668D-4841-B635-41F58B9CEFB6}.Release|Any CPU.Build.0 = Release|Any CPU
		{4167A775-9FFF-41F3-A4ED-8376DE807865}.Debug|Any CPU.ActiveCfg = Debug|Any CPU
		{4167A775-9FFF-41F3-A4ED-8376DE807865}.Debug|Any CPU.Build.0 = Debug|Any CPU
		{4167A775-9FFF-41F3-A4ED-8376DE807865}.Release|Any CPU.ActiveCfg = Release|Any CPU
		{4167A775-9FFF-41F3-A4ED-8376DE807865}.Release|Any CPU.Build.0 = Release|Any CPU
	EndGlobalSection
	GlobalSection(SolutionProperties) = preSolution
		HideSolutionNode = FALSE
	EndGlobalSection
	GlobalSection(ExtensibilityGlobals) = postSolution
		SolutionGuid = {8D768670-AF68-4CB1-AD0E-F8D712B5C55B}
	EndGlobalSection
EndGlobal
